
Microsoft Visual Studio Solution File, Format Version 12.00
# Visual Studio Version 17
VisualStudioVersion = 17.4.33205.214
MinimumVisualStudioVersion = 10.0.40219.1
Project("{9A19103F-16F7-4668-BE54-9A1E7A4F7556}") = "DAL", "DAL\DAL.csproj", "{B5668937-37F3-42C7-8FFB-11F58B1D9A58}"
EndProject
Project("{9A19103F-16F7-4668-BE54-9A1E7A4F7556}") = "AngularMongo", "AngularMongo\AngularMongo.csproj", "{8590045B-CC0B-46E1-8E41-EF4877A7A7DB}"
EndProject
Global
	GlobalSection(SolutionConfigurationPlatforms) = preSolution
		Debug|Any CPU = Debug|Any CPU
		Release|Any CPU = Release|Any CPU
	EndGlobalSection
	GlobalSection(ProjectConfigurationPlatforms) = postSolution
		{B5668937-37F3-42C7-8FFB-11F58B1D9A58}.Debug|Any CPU.ActiveCfg = Debug|Any CPU
		{B5668937-37F3-42C7-8FFB-11F58B1D9A58}.Debug|Any CPU.Build.0 = Debug|Any CPU
		{B5668937-37F3-42C7-8FFB-11F58B1D9A58}.Release|Any CPU.ActiveCfg = Release|Any CPU
		{B5668937-37F3-42C7-8FFB-11F58B1D9A58}.Release|Any CPU.Build.0 = Release|Any CPU
		{8590045B-CC0B-46E1-8E41-EF4877A7A7DB}.Debug|Any CPU.ActiveCfg = Debug|Any CPU
		{8590045B-CC0B-46E1-8E41-EF4877A7A7DB}.Debug|Any CPU.Build.0 = Debug|Any CPU
		{8590045B-CC0B-46E1-8E41-EF4877A7A7DB}.Release|Any CPU.ActiveCfg = Release|Any CPU
		{8590045B-CC0B-46E1-8E41-EF4877A7A7DB}.Release|Any CPU.Build.0 = Release|Any CPU
	EndGlobalSection
	GlobalSection(SolutionProperties) = preSolution
		HideSolutionNode = FALSE
	EndGlobalSection
	GlobalSection(ExtensibilityGlobals) = postSolution
		SolutionGuid = {7DBDF411-851E-4F96-AA52-6F8B80C4EABE}
	EndGlobalSection
EndGlobal
